
Microsoft Visual Studio Solution File, Format Version 12.00
# Visual Studio Version 17
VisualStudioVersion = 17.3.32811.315
MinimumVisualStudioVersion = 10.0.40219.1
Project("{FAE04EC0-301F-11D3-BF4B-00C04F79EFBC}") = "tinatees", "tinatees\tinatees.csproj", "{432FC8EE-97B2-4DF4-B72C-9A4973D8CD34}"
EndProject
Global
	GlobalSection(SolutionConfigurationPlatforms) = preSolution
		Debug|Any CPU = Debug|Any CPU
		Release|Any CPU = Release|Any CPU
	EndGlobalSection
	GlobalSection(ProjectConfigurationPlatforms) = postSolution
		{432FC8EE-97B2-4DF4-B72C-9A4973D8CD34}.Debug|Any CPU.ActiveCfg = Debug|Any CPU
		{432FC8EE-97B2-4DF4-B72C-9A4973D8CD34}.Debug|Any CPU.Build.0 = Debug|Any CPU
		{432FC8EE-97B2-4DF4-B72C-9A4973D8CD34}.Release|Any CPU.ActiveCfg = Release|Any CPU
		{432FC8EE-97B2-4DF4-B72C-9A4973D8CD34}.Release|Any CPU.Build.0 = Release|Any CPU
	EndGlobalSection
	GlobalSection(SolutionProperties) = preSolution
		HideSolutionNode = FALSE
	EndGlobalSection
	GlobalSection(ExtensibilityGlobals) = postSolution
		SolutionGuid = {82391230-3AE4-46C4-8A82-72FFB7131E5F}
	EndGlobalSection
EndGlobal
