
Microsoft Visual Studio Solution File, Format Version 12.00
# Visual Studio Version 17
VisualStudioVersion = 17.3.32811.315
MinimumVisualStudioVersion = 10.0.40219.1
Project("{FAE04EC0-301F-11D3-BF4B-00C04F79EFBC}") = "phonecall", "phonecall\phonecall.csproj", "{0001B651-03C2-4ED6-9143-0A4F8D344F2F}"
EndProject
Global
	GlobalSection(SolutionConfigurationPlatforms) = preSolution
		Debug|Any CPU = Debug|Any CPU
		Release|Any CPU = Release|Any CPU
	EndGlobalSection
	GlobalSection(ProjectConfigurationPlatforms) = postSolution
		{0001B651-03C2-4ED6-9143-0A4F8D344F2F}.Debug|Any CPU.ActiveCfg = Debug|Any CPU
		{0001B651-03C2-4ED6-9143-0A4F8D344F2F}.Debug|Any CPU.Build.0 = Debug|Any CPU
		{0001B651-03C2-4ED6-9143-0A4F8D344F2F}.Release|Any CPU.ActiveCfg = Release|Any CPU
		{0001B651-03C2-4ED6-9143-0A4F8D344F2F}.Release|Any CPU.Build.0 = Release|Any CPU
	EndGlobalSection
	GlobalSection(SolutionProperties) = preSolution
		HideSolutionNode = FALSE
	EndGlobalSection
	GlobalSection(ExtensibilityGlobals) = postSolution
		SolutionGuid = {E5C1541B-2893-4C64-80F3-9C8346EBF4B1}
	EndGlobalSection
EndGlobal
