
Microsoft Visual Studio Solution File, Format Version 12.00
# Visual Studio Version 17
VisualStudioVersion = 17.3.32811.315
MinimumVisualStudioVersion = 10.0.40219.1
Project("{FAE04EC0-301F-11D3-BF4B-00C04F79EFBC}") = "animal", "animal\animal.csproj", "{D2193B8B-54F9-4415-8BA3-60C0F48EE6FD}"
EndProject
Global
	GlobalSection(SolutionConfigurationPlatforms) = preSolution
		Debug|Any CPU = Debug|Any CPU
		Release|Any CPU = Release|Any CPU
	EndGlobalSection
	GlobalSection(ProjectConfigurationPlatforms) = postSolution
		{D2193B8B-54F9-4415-8BA3-60C0F48EE6FD}.Debug|Any CPU.ActiveCfg = Debug|Any CPU
		{D2193B8B-54F9-4415-8BA3-60C0F48EE6FD}.Debug|Any CPU.Build.0 = Debug|Any CPU
		{D2193B8B-54F9-4415-8BA3-60C0F48EE6FD}.Release|Any CPU.ActiveCfg = Release|Any CPU
		{D2193B8B-54F9-4415-8BA3-60C0F48EE6FD}.Release|Any CPU.Build.0 = Release|Any CPU
	EndGlobalSection
	GlobalSection(SolutionProperties) = preSolution
		HideSolutionNode = FALSE
	EndGlobalSection
	GlobalSection(ExtensibilityGlobals) = postSolution
		SolutionGuid = {655A468B-ABF0-49C4-88D7-656A65B64AD9}
	EndGlobalSection
EndGlobal
