
Microsoft Visual Studio Solution File, Format Version 12.00
# Visual Studio Version 17
VisualStudioVersion = 17.3.32811.315
MinimumVisualStudioVersion = 10.0.40219.1
Project("{FAE04EC0-301F-11D3-BF4B-00C04F79EFBC}") = "overload", "overload\overload.csproj", "{E831A1DD-315B-46CA-85AF-231587E89C04}"
EndProject
Global
	GlobalSection(SolutionConfigurationPlatforms) = preSolution
		Debug|Any CPU = Debug|Any CPU
		Release|Any CPU = Release|Any CPU
	EndGlobalSection
	GlobalSection(ProjectConfigurationPlatforms) = postSolution
		{E831A1DD-315B-46CA-85AF-231587E89C04}.Debug|Any CPU.ActiveCfg = Debug|Any CPU
		{E831A1DD-315B-46CA-85AF-231587E89C04}.Debug|Any CPU.Build.0 = Debug|Any CPU
		{E831A1DD-315B-46CA-85AF-231587E89C04}.Release|Any CPU.ActiveCfg = Release|Any CPU
		{E831A1DD-315B-46CA-85AF-231587E89C04}.Release|Any CPU.Build.0 = Release|Any CPU
	EndGlobalSection
	GlobalSection(SolutionProperties) = preSolution
		HideSolutionNode = FALSE
	EndGlobalSection
	GlobalSection(ExtensibilityGlobals) = postSolution
		SolutionGuid = {2B88CC79-0A50-4491-B08E-4B2FE31FE6ED}
	EndGlobalSection
EndGlobal
