
Microsoft Visual Studio Solution File, Format Version 12.00
# Visual Studio Version 17
VisualStudioVersion = 17.3.32811.315
MinimumVisualStudioVersion = 10.0.40219.1
Project("{FAE04EC0-301F-11D3-BF4B-00C04F79EFBC}") = "referance", "referance\referance.csproj", "{63FF4B31-E111-42B9-988B-06FD3C543C48}"
EndProject
Global
	GlobalSection(SolutionConfigurationPlatforms) = preSolution
		Debug|Any CPU = Debug|Any CPU
		Release|Any CPU = Release|Any CPU
	EndGlobalSection
	GlobalSection(ProjectConfigurationPlatforms) = postSolution
		{63FF4B31-E111-42B9-988B-06FD3C543C48}.Debug|Any CPU.ActiveCfg = Debug|Any CPU
		{63FF4B31-E111-42B9-988B-06FD3C543C48}.Debug|Any CPU.Build.0 = Debug|Any CPU
		{63FF4B31-E111-42B9-988B-06FD3C543C48}.Release|Any CPU.ActiveCfg = Release|Any CPU
		{63FF4B31-E111-42B9-988B-06FD3C543C48}.Release|Any CPU.Build.0 = Release|Any CPU
	EndGlobalSection
	GlobalSection(SolutionProperties) = preSolution
		HideSolutionNode = FALSE
	EndGlobalSection
	GlobalSection(ExtensibilityGlobals) = postSolution
		SolutionGuid = {022B7FD6-77A7-417D-8BF1-8AB172AA9F22}
	EndGlobalSection
EndGlobal
