
Microsoft Visual Studio Solution File, Format Version 12.00
# Visual Studio Version 17
VisualStudioVersion = 17.3.32811.315
MinimumVisualStudioVersion = 10.0.40219.1
Project("{FAE04EC0-301F-11D3-BF4B-00C04F79EFBC}") = "tiplist", "tiplist\tiplist.csproj", "{8ADB22AC-1FB6-4837-BB3E-3897BA75686D}"
EndProject
Global
	GlobalSection(SolutionConfigurationPlatforms) = preSolution
		Debug|Any CPU = Debug|Any CPU
		Release|Any CPU = Release|Any CPU
	EndGlobalSection
	GlobalSection(ProjectConfigurationPlatforms) = postSolution
		{8ADB22AC-1FB6-4837-BB3E-3897BA75686D}.Debug|Any CPU.ActiveCfg = Debug|Any CPU
		{8ADB22AC-1FB6-4837-BB3E-3897BA75686D}.Debug|Any CPU.Build.0 = Debug|Any CPU
		{8ADB22AC-1FB6-4837-BB3E-3897BA75686D}.Release|Any CPU.ActiveCfg = Release|Any CPU
		{8ADB22AC-1FB6-4837-BB3E-3897BA75686D}.Release|Any CPU.Build.0 = Release|Any CPU
	EndGlobalSection
	GlobalSection(SolutionProperties) = preSolution
		HideSolutionNode = FALSE
	EndGlobalSection
	GlobalSection(ExtensibilityGlobals) = postSolution
		SolutionGuid = {0509BD1D-F734-40C1-95CA-55A3C9E74282}
	EndGlobalSection
EndGlobal
