
Microsoft Visual Studio Solution File, Format Version 12.00
# Visual Studio Version 17
VisualStudioVersion = 17.3.32811.315
MinimumVisualStudioVersion = 10.0.40219.1
Project("{FAE04EC0-301F-11D3-BF4B-00C04F79EFBC}") = "menustrip", "menustrip\menustrip.csproj", "{91A8903D-DA02-4669-BE0F-741EA63EDEC5}"
EndProject
Global
	GlobalSection(SolutionConfigurationPlatforms) = preSolution
		Debug|Any CPU = Debug|Any CPU
		Release|Any CPU = Release|Any CPU
	EndGlobalSection
	GlobalSection(ProjectConfigurationPlatforms) = postSolution
		{91A8903D-DA02-4669-BE0F-741EA63EDEC5}.Debug|Any CPU.ActiveCfg = Debug|Any CPU
		{91A8903D-DA02-4669-BE0F-741EA63EDEC5}.Debug|Any CPU.Build.0 = Debug|Any CPU
		{91A8903D-DA02-4669-BE0F-741EA63EDEC5}.Release|Any CPU.ActiveCfg = Release|Any CPU
		{91A8903D-DA02-4669-BE0F-741EA63EDEC5}.Release|Any CPU.Build.0 = Release|Any CPU
	EndGlobalSection
	GlobalSection(SolutionProperties) = preSolution
		HideSolutionNode = FALSE
	EndGlobalSection
	GlobalSection(ExtensibilityGlobals) = postSolution
		SolutionGuid = {D32D5928-10F4-42F1-A2C6-4A347AD2C059}
	EndGlobalSection
EndGlobal
