
Microsoft Visual Studio Solution File, Format Version 12.00
# Visual Studio Version 17
VisualStudioVersion = 17.3.32811.315
MinimumVisualStudioVersion = 10.0.40219.1
Project("{FAE04EC0-301F-11D3-BF4B-00C04F79EFBC}") = "classobject", "classobject\classobject.csproj", "{7A699B19-8EB2-4254-A27F-D5FE44570BAD}"
EndProject
Global
	GlobalSection(SolutionConfigurationPlatforms) = preSolution
		Debug|Any CPU = Debug|Any CPU
		Release|Any CPU = Release|Any CPU
	EndGlobalSection
	GlobalSection(ProjectConfigurationPlatforms) = postSolution
		{7A699B19-8EB2-4254-A27F-D5FE44570BAD}.Debug|Any CPU.ActiveCfg = Debug|Any CPU
		{7A699B19-8EB2-4254-A27F-D5FE44570BAD}.Debug|Any CPU.Build.0 = Debug|Any CPU
		{7A699B19-8EB2-4254-A27F-D5FE44570BAD}.Release|Any CPU.ActiveCfg = Release|Any CPU
		{7A699B19-8EB2-4254-A27F-D5FE44570BAD}.Release|Any CPU.Build.0 = Release|Any CPU
	EndGlobalSection
	GlobalSection(SolutionProperties) = preSolution
		HideSolutionNode = FALSE
	EndGlobalSection
	GlobalSection(ExtensibilityGlobals) = postSolution
		SolutionGuid = {3923255B-4581-41BF-8BB6-0B82A3997CE1}
	EndGlobalSection
EndGlobal
